
Microsoft Visual Studio Solution File, Format Version 12.00
# Visual Studio Version 16
VisualStudioVersion = 16.0.31515.178
MinimumVisualStudioVersion = 10.0.40219.1
Project("{FAE04EC0-301F-11D3-BF4B-00C04F79EFBC}") = "DotStarkTest.API", "DotStarkTest.API\DotStarkTest.API.csproj", "{C91D82A6-C070-4762-9367-322F2090D492}"
EndProject
Project("{FAE04EC0-301F-11D3-BF4B-00C04F79EFBC}") = "DotStarkTest.Core", "DotStarkTest.Core\DotStarkTest.Core.csproj", "{4B0E37D8-0636-451A-824A-93003EAFA44B}"
EndProject
Project("{FAE04EC0-301F-11D3-BF4B-00C04F79EFBC}") = "DotStarkTest.Data", "DotStarkTest.Data\DotStarkTest.Data.csproj", "{4C02FE82-5D20-4B85-81D0-07057D786627}"
EndProject
Global
	GlobalSection(SolutionConfigurationPlatforms) = preSolution
		Debug|Any CPU = Debug|Any CPU
		Release|Any CPU = Release|Any CPU
	EndGlobalSection
	GlobalSection(ProjectConfigurationPlatforms) = postSolution
		{C91D82A6-C070-4762-9367-322F2090D492}.Debug|Any CPU.ActiveCfg = Debug|Any CPU
		{C91D82A6-C070-4762-9367-322F2090D492}.Debug|Any CPU.Build.0 = Debug|Any CPU
		{C91D82A6-C070-4762-9367-322F2090D492}.Release|Any CPU.ActiveCfg = Release|Any CPU
		{C91D82A6-C070-4762-9367-322F2090D492}.Release|Any CPU.Build.0 = Release|Any CPU
		{4B0E37D8-0636-451A-824A-93003EAFA44B}.Debug|Any CPU.ActiveCfg = Debug|Any CPU
		{4B0E37D8-0636-451A-824A-93003EAFA44B}.Debug|Any CPU.Build.0 = Debug|Any CPU
		{4B0E37D8-0636-451A-824A-93003EAFA44B}.Release|Any CPU.ActiveCfg = Release|Any CPU
		{4B0E37D8-0636-451A-824A-93003EAFA44B}.Release|Any CPU.Build.0 = Release|Any CPU
		{4C02FE82-5D20-4B85-81D0-07057D786627}.Debug|Any CPU.ActiveCfg = Debug|Any CPU
		{4C02FE82-5D20-4B85-81D0-07057D786627}.Debug|Any CPU.Build.0 = Debug|Any CPU
		{4C02FE82-5D20-4B85-81D0-07057D786627}.Release|Any CPU.ActiveCfg = Release|Any CPU
		{4C02FE82-5D20-4B85-81D0-07057D786627}.Release|Any CPU.Build.0 = Release|Any CPU
	EndGlobalSection
	GlobalSection(SolutionProperties) = preSolution
		HideSolutionNode = FALSE
	EndGlobalSection
	GlobalSection(ExtensibilityGlobals) = postSolution
		SolutionGuid = {36519CA4-8C70-4084-B33E-B62E67F38128}
	EndGlobalSection
EndGlobal
